// !$*UTF8*$!
{
	archiveVersion = 1;
	classes = {
	};
	objectVersion = 55;
	objects = {

/* Begin PBXBuildFile section */
		053C2C622676AD5400E1C832 /* OrgListItemView.swift in Sources */ = {isa = PBXBuildFile; fileRef = 053C2C612676AD5400E1C832 /* OrgListItemView.swift */; };
		053C2C662676CA1100E1C832 /* FetchedImage.swift in Sources */ = {isa = PBXBuildFile; fileRef = 053C2C652676CA1100E1C832 /* FetchedImage.swift */; };
		05C7DAC7268167A400A76D9B /* SmallRawViee.swift in Sources */ = {isa = PBXBuildFile; fileRef = 05C7DAC6268167A400A76D9B /* SmallRawViee.swift */; };
		05DD08D12671634D00E6AED7 /* SearchBar_PullToRefreshSwiftApp.swift in Sources */ = {isa = PBXBuildFile; fileRef = 05DD08D02671634D00E6AED7 /* SearchBar_PullToRefreshSwiftApp.swift */; };
		05DD08D32671634D00E6AED7 /* ContentView.swift in Sources */ = {isa = PBXBuildFile; fileRef = 05DD08D22671634D00E6AED7 /* ContentView.swift */; };
		05DD08D52671634E00E6AED7 /* Assets.xcassets in Resources */ = {isa = PBXBuildFile; fileRef = 05DD08D42671634E00E6AED7 /* Assets.xcassets */; };
		05DD08D82671634E00E6AED7 /* Preview Assets.xcassets in Resources */ = {isa = PBXBuildFile; fileRef = 05DD08D72671634E00E6AED7 /* Preview Assets.xcassets */; };
		05DD08DF2671638300E6AED7 /* OrganizationModel.swift in Sources */ = {isa = PBXBuildFile; fileRef = 05DD08DE2671638300E6AED7 /* OrganizationModel.swift */; };
		05DD08E1267163E900E6AED7 /* OrganizationService.swift in Sources */ = {isa = PBXBuildFile; fileRef = 05DD08E0267163E900E6AED7 /* OrganizationService.swift */; };
		05DD08E526718DE500E6AED7 /* ViewModel.swift in Sources */ = {isa = PBXBuildFile; fileRef = 05DD08E426718DE500E6AED7 /* ViewModel.swift */; };
/* End PBXBuildFile section */

/* Begin PBXFileReference section */
		053C2C612676AD5400E1C832 /* OrgListItemView.swift */ = {isa = PBXFileReference; lastKnownFileType = sourcecode.swift; path = OrgListItemView.swift; sourceTree = "<group>"; };
		053C2C652676CA1100E1C832 /* FetchedImage.swift */ = {isa = PBXFileReference; lastKnownFileType = sourcecode.swift; path = FetchedImage.swift; sourceTree = "<group>"; };
		05C7DAC6268167A400A76D9B /* SmallRawViee.swift */ = {isa = PBXFileReference; lastKnownFileType = sourcecode.swift; path = SmallRawViee.swift; sourceTree = "<group>"; };
		05DD08CD2671634D00E6AED7 /* SearchBar+PullToRefreshSwift.app */ = {isa = PBXFileReference; explicitFileType = wrapper.application; includeInIndex = 0; path = "SearchBar+PullToRefreshSwift.app"; sourceTree = BUILT_PRODUCTS_DIR; };
		05DD08D02671634D00E6AED7 /* SearchBar_PullToRefreshSwiftApp.swift */ = {isa = PBXFileReference; lastKnownFileType = sourcecode.swift; path = SearchBar_PullToRefreshSwiftApp.swift; sourceTree = "<group>"; };
		05DD08D22671634D00E6AED7 /* ContentView.swift */ = {isa = PBXFileReference; lastKnownFileType = sourcecode.swift; path = ContentView.swift; sourceTree = "<group>"; };
		05DD08D42671634E00E6AED7 /* Assets.xcassets */ = {isa = PBXFileReference; lastKnownFileType = folder.assetcatalog; path = Assets.xcassets; sourceTree = "<group>"; };
		05DD08D72671634E00E6AED7 /* Preview Assets.xcassets */ = {isa = PBXFileReference; lastKnownFileType = folder.assetcatalog; path = "Preview Assets.xcassets"; sourceTree = "<group>"; };
		05DD08DE2671638300E6AED7 /* OrganizationModel.swift */ = {isa = PBXFileReference; lastKnownFileType = sourcecode.swift; path = OrganizationModel.swift; sourceTree = "<group>"; };
		05DD08E0267163E900E6AED7 /* OrganizationService.swift */ = {isa = PBXFileReference; lastKnownFileType = sourcecode.swift; path = OrganizationService.swift; sourceTree = "<group>"; };
		05DD08E426718DE500E6AED7 /* ViewModel.swift */ = {isa = PBXFileReference; lastKnownFileType = sourcecode.swift; path = ViewModel.swift; sourceTree = "<group>"; };
/* End PBXFileReference section */

/* Begin PBXFrameworksBuildPhase section */
		05DD08CA2671634D00E6AED7 /* Frameworks */ = {
			isa = PBXFrameworksBuildPhase;
			buildActionMask = 2147483647;
			files = (
			);
			runOnlyForDeploymentPostprocessing = 0;
		};
/* End PBXFrameworksBuildPhase section */

/* Begin PBXGroup section */
		05DD08C42671634D00E6AED7 = {
			isa = PBXGroup;
			children = (
				05DD08CF2671634D00E6AED7 /* SearchBar+PullToRefreshSwift */,
				05DD08CE2671634D00E6AED7 /* Products */,
			);
			sourceTree = "<group>";
		};
		05DD08CE2671634D00E6AED7 /* Products */ = {
			isa = PBXGroup;
			children = (
				05DD08CD2671634D00E6AED7 /* SearchBar+PullToRefreshSwift.app */,
			);
			name = Products;
			sourceTree = "<group>";
		};
		05DD08CF2671634D00E6AED7 /* SearchBar+PullToRefreshSwift */ = {
			isa = PBXGroup;
			children = (
				05DD08D02671634D00E6AED7 /* SearchBar_PullToRefreshSwiftApp.swift */,
				05DD08D22671634D00E6AED7 /* ContentView.swift */,
				05DD08D42671634E00E6AED7 /* Assets.xcassets */,
				05DD08D62671634E00E6AED7 /* Preview Content */,
				05DD08DE2671638300E6AED7 /* OrganizationModel.swift */,
				05DD08E0267163E900E6AED7 /* OrganizationService.swift */,
				05DD08E426718DE500E6AED7 /* ViewModel.swift */,
				053C2C612676AD5400E1C832 /* OrgListItemView.swift */,
				053C2C652676CA1100E1C832 /* FetchedImage.swift */,
				05C7DAC6268167A400A76D9B /* SmallRawViee.swift */,
			);
			path = "SearchBar+PullToRefreshSwift";
			sourceTree = "<group>";
		};
		05DD08D62671634E00E6AED7 /* Preview Content */ = {
			isa = PBXGroup;
			children = (
				05DD08D72671634E00E6AED7 /* Preview Assets.xcassets */,
			);
			path = "Preview Content";
			sourceTree = "<group>";
		};
/* End PBXGroup section */

/* Begin PBXNativeTarget section */
		05DD08CC2671634D00E6AED7 /* SearchBar+PullToRefreshSwift */ = {
			isa = PBXNativeTarget;
			buildConfigurationList = 05DD08DB2671634E00E6AED7 /* Build configuration list for PBXNativeTarget "SearchBar+PullToRefreshSwift" */;
			buildPhases = (
				05DD08C92671634D00E6AED7 /* Sources */,
				05DD08CA2671634D00E6AED7 /* Frameworks */,
				05DD08CB2671634D00E6AED7 /* Resources */,
			);
			buildRules = (
			);
			dependencies = (
			);
			name = "SearchBar+PullToRefreshSwift";
			productName = "SearchBar+PullToRefreshSwift";
			productReference = 05DD08CD2671634D00E6AED7 /* SearchBar+PullToRefreshSwift.app */;
			productType = "com.apple.product-type.application";
		};
/* End PBXNativeTarget section */

/* Begin PBXProject section */
		05DD08C52671634D00E6AED7 /* Project object */ = {
			isa = PBXProject;
			attributes = {
				BuildIndependentTargetsInParallel = 1;
				LastSwiftUpdateCheck = 1300;
				LastUpgradeCheck = 1300;
				TargetAttributes = {
					05DD08CC2671634D00E6AED7 = {
						CreatedOnToolsVersion = 13.0;
					};
				};
			};
			buildConfigurationList = 05DD08C82671634D00E6AED7 /* Build configuration list for PBXProject "SearchBar+PullToRefreshSwift" */;
			compatibilityVersion = "Xcode 13.0";
			developmentRegion = en;
			hasScannedForEncodings = 0;
			knownRegions = (
				en,
				Base,
			);
			mainGroup = 05DD08C42671634D00E6AED7;
			productRefGroup = 05DD08CE2671634D00E6AED7 /* Products */;
			projectDirPath = "";
			projectRoot = "";
			targets = (
				05DD08CC2671634D00E6AED7 /* SearchBar+PullToRefreshSwift */,
			);
		};
/* End PBXProject section */

/* Begin PBXResourcesBuildPhase section */
		05DD08CB2671634D00E6AED7 /* Resources */ = {
			isa = PBXResourcesBuildPhase;
			buildActionMask = 2147483647;
			files = (
				05DD08D82671634E00E6AED7 /* Preview Assets.xcassets in Resources */,
				05DD08D52671634E00E6AED7 /* Assets.xcassets in Resources */,
			);
			runOnlyForDeploymentPostprocessing = 0;
		};
/* End PBXResourcesBuildPhase section */

/* Begin PBXSourcesBuildPhase section */
		05DD08C92671634D00E6AED7 /* Sources */ = {
			isa = PBXSourcesBuildPhase;
			buildActionMask = 2147483647;
			files = (
				05DD08E526718DE500E6AED7 /* ViewModel.swift in Sources */,
				05C7DAC7268167A400A76D9B /* SmallRawViee.swift in Sources */,
				05DD08D32671634D00E6AED7 /* ContentView.swift in Sources */,
				053C2C622676AD5400E1C832 /* OrgListItemView.swift in Sources */,
				05DD08DF2671638300E6AED7 /* OrganizationModel.swift in Sources */,
				05DD08E1267163E900E6AED7 /* OrganizationService.swift in Sources */,
				05DD08D12671634D00E6AED7 /* SearchBar_PullToRefreshSwiftApp.swift in Sources */,
				053C2C662676CA1100E1C832 /* FetchedImage.swift in Sources */,
			);
			runOnlyForDeploymentPostprocessing = 0;
		};
/* End PBXSourcesBuildPhase section */

/* Begin XCBuildConfiguration section */
		05DD08D92671634E00E6AED7 /* Debug */ = {
			isa = XCBuildConfiguration;
			buildSettings = {
				ALWAYS_SEARCH_USER_PATHS = NO;
				CLANG_ANALYZER_NONNULL = YES;
				CLANG_ANALYZER_NUMBER_OBJECT_CONVERSION = YES_AGGRESSIVE;
				CLANG_CXX_LANGUAGE_STANDARD = "gnu++14";
				CLANG_CXX_LIBRARY = "libc++";
				CLANG_ENABLE_MODULES = YES;
				CLANG_ENABLE_OBJC_ARC = YES;
				CLANG_ENABLE_OBJC_WEAK = YES;
				CLANG_WARN_BLOCK_CAPTURE_AUTORELEASING = YES;
				CLANG_WARN_BOOL_CONVERSION = YES;
				CLANG_WARN_COMMA = YES;
				CLANG_WARN_CONSTANT_CONVERSION = YES;
				CLANG_WARN_DEPRECATED_OBJC_IMPLEMENTATIONS = YES;
				CLANG_WARN_DIRECT_OBJC_ISA_USAGE = YES_ERROR;
				CLANG_WARN_DOCUMENTATION_COMMENTS = YES;
				CLANG_WARN_EMPTY_BODY = YES;
				CLANG_WARN_ENUM_CONVERSION = YES;
				CLANG_WARN_INFINITE_RECURSION = YES;
				CLANG_WARN_INT_CONVERSION = YES;
				CLANG_WARN_NON_LITERAL_NULL_CONVERSION = YES;
				CLANG_WARN_OBJC_IMPLICIT_RETAIN_SELF = YES;
				CLANG_WARN_OBJC_LITERAL_CONVERSION = YES;
				CLANG_WARN_OBJC_ROOT_CLASS = YES_ERROR;
				CLANG_WARN_QUOTED_INCLUDE_IN_FRAMEWORK_HEADER = YES;
				CLANG_WARN_RANGE_LOOP_ANALYSIS = YES;
				CLANG_WARN_STRICT_PROTOTYPES = YES;
				CLANG_WARN_SUSPICIOUS_MOVE = YES;
				CLANG_WARN_UNGUARDED_AVAILABILITY = YES_AGGRESSIVE;
				CLANG_WARN_UNREACHABLE_CODE = YES;
				CLANG_WARN__DUPLICATE_METHOD_MATCH = YES;
				COPY_PHASE_STRIP = NO;
				DEBUG_INFORMATION_FORMAT = dwarf;
				ENABLE_STRICT_OBJC_MSGSEND = YES;
				ENABLE_TESTABILITY = YES;
				GCC_C_LANGUAGE_STANDARD = gnu11;
				GCC_DYNAMIC_NO_PIC = NO;
				GCC_NO_COMMON_BLOCKS = YES;
				GCC_OPTIMIZATION_LEVEL = 0;
				GCC_PREPROCESSOR_DEFINITIONS = (
					"DEBUG=1",
					"$(inherited)",
				);
				GCC_WARN_64_TO_32_BIT_CONVERSION = YES;
				GCC_WARN_ABOUT_RETURN_TYPE = YES_ERROR;
				GCC_WARN_UNDECLARED_SELECTOR = YES;
				GCC_WARN_UNINITIALIZED_AUTOS = YES_AGGRESSIVE;
				GCC_WARN_UNUSED_FUNCTION = YES;
				GCC_WARN_UNUSED_VARIABLE = YES;
				IPHONEOS_DEPLOYMENT_TARGET = 15.0;
				MTL_ENABLE_DEBUG_INFO = INCLUDE_SOURCE;
				MTL_FAST_MATH = YES;
				ONLY_ACTIVE_ARCH = YES;
				SDKROOT = iphoneos;
				SWIFT_ACTIVE_COMPILATION_CONDITIONS = DEBUG;
				SWIFT_OPTIMIZATION_LEVEL = "-Onone";
			};
			name = Debug;
		};
		05DD08DA2671634E00E6AED7 /* Release */ = {
			isa = XCBuildConfiguration;
			buildSettings = {
				ALWAYS_SEARCH_USER_PATHS = NO;
				CLANG_ANALYZER_NONNULL = YES;
				CLANG_ANALYZER_NUMBER_OBJECT_CONVERSION = YES_AGGRESSIVE;
				CLANG_CXX_LANGUAGE_STANDARD = "gnu++14";
				CLANG_CXX_LIBRARY = "libc++";
				CLANG_ENABLE_MODULES = YES;
				CLANG_ENABLE_OBJC_ARC = YES;
				CLANG_ENABLE_OBJC_WEAK = YES;
				CLANG_WARN_BLOCK_CAPTURE_AUTORELEASING = YES;
				CLANG_WARN_BOOL_CONVERSION = YES;
				CLANG_WARN_COMMA = YES;
				CLANG_WARN_CONSTANT_CONVERSION = YES;
				CLANG_WARN_DEPRECATED_OBJC_IMPLEMENTATIONS = YES;
				CLANG_WARN_DIRECT_OBJC_ISA_USAGE = YES_ERROR;
				CLANG_WARN_DOCUMENTATION_COMMENTS = YES;
				CLANG_WARN_EMPTY_BODY = YES;
				CLANG_WARN_ENUM_CONVERSION = YES;
				CLANG_WARN_INFINITE_RECURSION = YES;
				CLANG_WARN_INT_CONVERSION = YES;
				CLANG_WARN_NON_LITERAL_NULL_CONVERSION = YES;
				CLANG_WARN_OBJC_IMPLICIT_RETAIN_SELF = YES;
				CLANG_WARN_OBJC_LITERAL_CONVERSION = YES;
				CLANG_WARN_OBJC_ROOT_CLASS = YES_ERROR;
				CLANG_WARN_QUOTED_INCLUDE_IN_FRAMEWORK_HEADER = YES;
				CLANG_WARN_RANGE_LOOP_ANALYSIS = YES;
				CLANG_WARN_STRICT_PROTOTYPES = YES;
				CLANG_WARN_SUSPICIOUS_MOVE = YES;
				CLANG_WARN_UNGUARDED_AVAILABILITY = YES_AGGRESSIVE;
				CLANG_WARN_UNREACHABLE_CODE = YES;
				CLANG_WARN__DUPLICATE_METHOD_MATCH = YES;
				COPY_PHASE_STRIP = NO;
				DEBUG_INFORMATION_FORMAT = "dwarf-with-dsym";
				ENABLE_NS_ASSERTIONS = NO;
				ENABLE_STRICT_OBJC_MSGSEND = YES;
				GCC_C_LANGUAGE_STANDARD = gnu11;
				GCC_NO_COMMON_BLOCKS = YES;
				GCC_WARN_64_TO_32_BIT_CONVERSION = YES;
				GCC_WARN_ABOUT_RETURN_TYPE = YES_ERROR;
				GCC_WARN_UNDECLARED_SELECTOR = YES;
				GCC_WARN_UNINITIALIZED_AUTOS = YES_AGGRESSIVE;
				GCC_WARN_UNUSED_FUNCTION = YES;
				GCC_WARN_UNUSED_VARIABLE = YES;
				IPHONEOS_DEPLOYMENT_TARGET = 15.0;
				MTL_ENABLE_DEBUG_INFO = NO;
				MTL_FAST_MATH = YES;
				SDKROOT = iphoneos;
				SWIFT_COMPILATION_MODE = wholemodule;
				SWIFT_OPTIMIZATION_LEVEL = "-O";
				VALIDATE_PRODUCT = YES;
			};
			name = Release;
		};
		05DD08DC2671634E00E6AED7 /* Debug */ = {
			isa = XCBuildConfiguration;
			buildSettings = {
				ASSETCATALOG_COMPILER_APPICON_NAME = AppIcon;
				ASSETCATALOG_COMPILER_GLOBAL_ACCENT_COLOR_NAME = AccentColor;
				CODE_SIGN_STYLE = Automatic;
				CURRENT_PROJECT_VERSION = 1;
				DEVELOPMENT_ASSET_PATHS = "\"SearchBar+PullToRefreshSwift/Preview Content\"";
				DEVELOPMENT_TEAM = JGX8KL9J9F;
				ENABLE_PREVIEWS = YES;
				GENERATE_INFOPLIST_FILE = YES;
				INFOPLIST_KEY_UIApplicationSceneManifest_Generation = YES;
				INFOPLIST_KEY_UIApplicationSupportsIndirectInputEvents = YES;
				INFOPLIST_KEY_UILaunchScreen_Generation = YES;
				INFOPLIST_KEY_UISupportedInterfaceOrientations_iPad = "UIInterfaceOrientationPortrait UIInterfaceOrientationPortraitUpsideDown UIInterfaceOrientationLandscapeLeft UIInterfaceOrientationLandscapeRight";
				INFOPLIST_KEY_UISupportedInterfaceOrientations_iPhone = "UIInterfaceOrientationPortrait UIInterfaceOrientationLandscapeLeft UIInterfaceOrientationLandscapeRight";
				IPHONEOS_DEPLOYMENT_TARGET = 15.0;
				LD_RUNPATH_SEARCH_PATHS = (
					"$(inherited)",
					"@executable_path/Frameworks",
				);
				MARKETING_VERSION = 1.0;
				PRODUCT_BUNDLE_IDENTIFIER = "com.eugeneiosDev.SearchBar-PullToRefreshSwift";
				PRODUCT_NAME = "$(TARGET_NAME)";
				SWIFT_EMIT_LOC_STRINGS = YES;
				SWIFT_VERSION = 5.0;
				TARGETED_DEVICE_FAMILY = "1,2";
			};
			name = Debug;
		};
		05DD08DD2671634E00E6AED7 /* Release */ = {
			isa = XCBuildConfiguration;
			buildSettings = {
				ASSETCATALOG_COMPILER_APPICON_NAME = AppIcon;
				ASSETCATALOG_COMPILER_GLOBAL_ACCENT_COLOR_NAME = AccentColor;
				CODE_SIGN_STYLE = Automatic;
				CURRENT_PROJECT_VERSION = 1;
				DEVELOPMENT_ASSET_PATHS = "\"SearchBar+PullToRefreshSwift/Preview Content\"";
				DEVELOPMENT_TEAM = JGX8KL9J9F;
				ENABLE_PREVIEWS = YES;
				GENERATE_INFOPLIST_FILE = YES;
				INFOPLIST_KEY_UIApplicationSceneManifest_Generation = YES;
				INFOPLIST_KEY_UIApplicationSupportsIndirectInputEvents = YES;
				INFOPLIST_KEY_UILaunchScreen_Generation = YES;
				INFOPLIST_KEY_UISupportedInterfaceOrientations_iPad = "UIInterfaceOrientationPortrait UIInterfaceOrientationPortraitUpsideDown UIInterfaceOrientationLandscapeLeft UIInterfaceOrientationLandscapeRight";
				INFOPLIST_KEY_UISupportedInterfaceOrientations_iPhone = "UIInterfaceOrientationPortrait UIInterfaceOrientationLandscapeLeft UIInterfaceOrientationLandscapeRight";
				IPHONEOS_DEPLOYMENT_TARGET = 15.0;
				LD_RUNPATH_SEARCH_PATHS = (
					"$(inherited)",
					"@executable_path/Frameworks",
				);
				MARKETING_VERSION = 1.0;
				PRODUCT_BUNDLE_IDENTIFIER = "com.eugeneiosDev.SearchBar-PullToRefreshSwift";
				PRODUCT_NAME = "$(TARGET_NAME)";
				SWIFT_EMIT_LOC_STRINGS = YES;
				SWIFT_VERSION = 5.0;
				TARGETED_DEVICE_FAMILY = "1,2";
			};
			name = Release;
		};
/* End XCBuildConfiguration section */

/* Begin XCConfigurationList section */
		05DD08C82671634D00E6AED7 /* Build configuration list for PBXProject "SearchBar+PullToRefreshSwift" */ = {
			isa = XCConfigurationList;
			buildConfigurations = (
				05DD08D92671634E00E6AED7 /* Debug */,
				05DD08DA2671634E00E6AED7 /* Release */,
			);
			defaultConfigurationIsVisible = 0;
			defaultConfigurationName = Release;
		};
		05DD08DB2671634E00E6AED7 /* Build configuration list for PBXNativeTarget "SearchBar+PullToRefreshSwift" */ = {
			isa = XCConfigurationList;
			buildConfigurations = (
				05DD08DC2671634E00E6AED7 /* Debug */,
				05DD08DD2671634E00E6AED7 /* Release */,
			);
			defaultConfigurationIsVisible = 0;
			defaultConfigurationName = Release;
		};
/* End XCConfigurationList section */
	};
	rootObject = 05DD08C52671634D00E6AED7 /* Project object */;
}
